
Microsoft Visual Studio Solution File, Format Version 12.00
# Visual Studio Version 17
VisualStudioVersion = 17.10.35122.118
MinimumVisualStudioVersion = 10.0.40219.1
Project("{FAE04EC0-301F-11D3-BF4B-00C04F79EFBC}") = "News", "News\News.csproj", "{9CBCE843-F44B-4105-925A-A0A8B3CCB41A}"
EndProject
Global
	GlobalSection(SolutionConfigurationPlatforms) = preSolution
		Debug|Any CPU = Debug|Any CPU
		Release|Any CPU = Release|Any CPU
	EndGlobalSection
	GlobalSection(ProjectConfigurationPlatforms) = postSolution
		{9CBCE843-F44B-4105-925A-A0A8B3CCB41A}.Debug|Any CPU.ActiveCfg = Debug|Any CPU
		{9CBCE843-F44B-4105-925A-A0A8B3CCB41A}.Debug|Any CPU.Build.0 = Debug|Any CPU
		{9CBCE843-F44B-4105-925A-A0A8B3CCB41A}.Debug|Any CPU.Deploy.0 = Debug|Any CPU
		{9CBCE843-F44B-4105-925A-A0A8B3CCB41A}.Release|Any CPU.ActiveCfg = Release|Any CPU
		{9CBCE843-F44B-4105-925A-A0A8B3CCB41A}.Release|Any CPU.Build.0 = Release|Any CPU
		{9CBCE843-F44B-4105-925A-A0A8B3CCB41A}.Release|Any CPU.Deploy.0 = Release|Any CPU
	EndGlobalSection
	GlobalSection(SolutionProperties) = preSolution
		HideSolutionNode = FALSE
	EndGlobalSection
	GlobalSection(ExtensibilityGlobals) = postSolution
		SolutionGuid = {7F68DF71-712A-4BB5-BDDF-4970225DC142}
	EndGlobalSection
EndGlobal
